
Microsoft Visual Studio Solution File, Format Version 12.00
# Visual Studio Version 17
VisualStudioVersion = 17.8.34330.188
MinimumVisualStudioVersion = 10.0.40219.1
Project("{FAE04EC0-301F-11D3-BF4B-00C04F79EFBC}") = "PrifileProject", "PrifileProject\PrifileProject.csproj", "{BE123230-1268-42E3-B9B6-B7A61E7DC730}"
EndProject
Global
	GlobalSection(SolutionConfigurationPlatforms) = preSolution
		Debug|Any CPU = Debug|Any CPU
		Release|Any CPU = Release|Any CPU
	EndGlobalSection
	GlobalSection(ProjectConfigurationPlatforms) = postSolution
		{BE123230-1268-42E3-B9B6-B7A61E7DC730}.Debug|Any CPU.ActiveCfg = Debug|Any CPU
		{BE123230-1268-42E3-B9B6-B7A61E7DC730}.Debug|Any CPU.Build.0 = Debug|Any CPU
		{BE123230-1268-42E3-B9B6-B7A61E7DC730}.Release|Any CPU.ActiveCfg = Release|Any CPU
		{BE123230-1268-42E3-B9B6-B7A61E7DC730}.Release|Any CPU.Build.0 = Release|Any CPU
	EndGlobalSection
	GlobalSection(SolutionProperties) = preSolution
		HideSolutionNode = FALSE
	EndGlobalSection
	GlobalSection(ExtensibilityGlobals) = postSolution
		SolutionGuid = {91C1BCDA-6632-40E2-B053-D84AE4A5BE93}
	EndGlobalSection
EndGlobal
