
Microsoft Visual Studio Solution File, Format Version 12.00
# Visual Studio Version 17
VisualStudioVersion = 17.7.34031.279
MinimumVisualStudioVersion = 10.0.40219.1
Project("{FAE04EC0-301F-11D3-BF4B-00C04F79EFBC}") = "ConstructorChainDemo", "ConstructorChainDemo\ConstructorChainDemo.csproj", "{A3B198FB-AE8C-4694-A339-DA6C74AAB427}"
EndProject
Global
	GlobalSection(SolutionConfigurationPlatforms) = preSolution
		Debug|Any CPU = Debug|Any CPU
		Release|Any CPU = Release|Any CPU
	EndGlobalSection
	GlobalSection(ProjectConfigurationPlatforms) = postSolution
		{A3B198FB-AE8C-4694-A339-DA6C74AAB427}.Debug|Any CPU.ActiveCfg = Debug|Any CPU
		{A3B198FB-AE8C-4694-A339-DA6C74AAB427}.Debug|Any CPU.Build.0 = Debug|Any CPU
		{A3B198FB-AE8C-4694-A339-DA6C74AAB427}.Release|Any CPU.ActiveCfg = Release|Any CPU
		{A3B198FB-AE8C-4694-A339-DA6C74AAB427}.Release|Any CPU.Build.0 = Release|Any CPU
	EndGlobalSection
	GlobalSection(SolutionProperties) = preSolution
		HideSolutionNode = FALSE
	EndGlobalSection
	GlobalSection(ExtensibilityGlobals) = postSolution
		SolutionGuid = {C1E8C74A-9734-4D62-A70D-20E95F29F194}
	EndGlobalSection
EndGlobal
