
Microsoft Visual Studio Solution File, Format Version 12.00
# Visual Studio Version 17
VisualStudioVersion = 17.8.34309.116
MinimumVisualStudioVersion = 10.0.40219.1
Project("{FAE04EC0-301F-11D3-BF4B-00C04F79EFBC}") = "AutoFietsVerhuur", "AutoFietsVerhuur\AutoFietsVerhuur.csproj", "{0C829DA0-C5CC-474B-A0AF-93BDCFFFE45F}"
EndProject
Global
	GlobalSection(SolutionConfigurationPlatforms) = preSolution
		Debug|Any CPU = Debug|Any CPU
		Release|Any CPU = Release|Any CPU
	EndGlobalSection
	GlobalSection(ProjectConfigurationPlatforms) = postSolution
		{0C829DA0-C5CC-474B-A0AF-93BDCFFFE45F}.Debug|Any CPU.ActiveCfg = Debug|Any CPU
		{0C829DA0-C5CC-474B-A0AF-93BDCFFFE45F}.Debug|Any CPU.Build.0 = Debug|Any CPU
		{0C829DA0-C5CC-474B-A0AF-93BDCFFFE45F}.Release|Any CPU.ActiveCfg = Release|Any CPU
		{0C829DA0-C5CC-474B-A0AF-93BDCFFFE45F}.Release|Any CPU.Build.0 = Release|Any CPU
	EndGlobalSection
	GlobalSection(SolutionProperties) = preSolution
		HideSolutionNode = FALSE
	EndGlobalSection
	GlobalSection(ExtensibilityGlobals) = postSolution
		SolutionGuid = {03FC9EFD-DB4E-47FF-8CFF-A15CDB18DDC5}
	EndGlobalSection
EndGlobal
