
Microsoft Visual Studio Solution File, Format Version 12.00
# Visual Studio Version 17
VisualStudioVersion = 17.7.34031.279
MinimumVisualStudioVersion = 10.0.40219.1
Project("{FAE04EC0-301F-11D3-BF4B-00C04F79EFBC}") = "PropertiesDemo", "PropertiesDemo\PropertiesDemo.csproj", "{FF405DED-8617-47DA-B9E0-C49B60A1FD7E}"
EndProject
Project("{FAE04EC0-301F-11D3-BF4B-00C04F79EFBC}") = "PropertiesDemo2", "PropertiesDemo2\PropertiesDemo2.csproj", "{F42B8D5A-DB18-43C8-868C-86A6BBF65868}"
EndProject
Project("{FAE04EC0-301F-11D3-BF4B-00C04F79EFBC}") = "AutoMaticProperties", "AutoMaticProperties\AutoMaticProperties.csproj", "{AE8BFE08-CAEB-4098-833C-8D72E7934908}"
EndProject
Project("{FAE04EC0-301F-11D3-BF4B-00C04F79EFBC}") = "PropertiesControle", "PropertiesControle\PropertiesControle.csproj", "{B8F3B73D-ABC9-4068-BD97-CAE400189215}"
EndProject
Project("{FAE04EC0-301F-11D3-BF4B-00C04F79EFBC}") = "BankApp", "BankApp\BankApp.csproj", "{4D0DCD3D-5379-407C-AB30-1F18CACF2A88}"
EndProject
Global
	GlobalSection(SolutionConfigurationPlatforms) = preSolution
		Debug|Any CPU = Debug|Any CPU
		Release|Any CPU = Release|Any CPU
	EndGlobalSection
	GlobalSection(ProjectConfigurationPlatforms) = postSolution
		{FF405DED-8617-47DA-B9E0-C49B60A1FD7E}.Debug|Any CPU.ActiveCfg = Debug|Any CPU
		{FF405DED-8617-47DA-B9E0-C49B60A1FD7E}.Debug|Any CPU.Build.0 = Debug|Any CPU
		{FF405DED-8617-47DA-B9E0-C49B60A1FD7E}.Release|Any CPU.ActiveCfg = Release|Any CPU
		{FF405DED-8617-47DA-B9E0-C49B60A1FD7E}.Release|Any CPU.Build.0 = Release|Any CPU
		{F42B8D5A-DB18-43C8-868C-86A6BBF65868}.Debug|Any CPU.ActiveCfg = Debug|Any CPU
		{F42B8D5A-DB18-43C8-868C-86A6BBF65868}.Debug|Any CPU.Build.0 = Debug|Any CPU
		{F42B8D5A-DB18-43C8-868C-86A6BBF65868}.Release|Any CPU.ActiveCfg = Release|Any CPU
		{F42B8D5A-DB18-43C8-868C-86A6BBF65868}.Release|Any CPU.Build.0 = Release|Any CPU
		{AE8BFE08-CAEB-4098-833C-8D72E7934908}.Debug|Any CPU.ActiveCfg = Debug|Any CPU
		{AE8BFE08-CAEB-4098-833C-8D72E7934908}.Debug|Any CPU.Build.0 = Debug|Any CPU
		{AE8BFE08-CAEB-4098-833C-8D72E7934908}.Release|Any CPU.ActiveCfg = Release|Any CPU
		{AE8BFE08-CAEB-4098-833C-8D72E7934908}.Release|Any CPU.Build.0 = Release|Any CPU
		{B8F3B73D-ABC9-4068-BD97-CAE400189215}.Debug|Any CPU.ActiveCfg = Debug|Any CPU
		{B8F3B73D-ABC9-4068-BD97-CAE400189215}.Debug|Any CPU.Build.0 = Debug|Any CPU
		{B8F3B73D-ABC9-4068-BD97-CAE400189215}.Release|Any CPU.ActiveCfg = Release|Any CPU
		{B8F3B73D-ABC9-4068-BD97-CAE400189215}.Release|Any CPU.Build.0 = Release|Any CPU
		{4D0DCD3D-5379-407C-AB30-1F18CACF2A88}.Debug|Any CPU.ActiveCfg = Debug|Any CPU
		{4D0DCD3D-5379-407C-AB30-1F18CACF2A88}.Debug|Any CPU.Build.0 = Debug|Any CPU
		{4D0DCD3D-5379-407C-AB30-1F18CACF2A88}.Release|Any CPU.ActiveCfg = Release|Any CPU
		{4D0DCD3D-5379-407C-AB30-1F18CACF2A88}.Release|Any CPU.Build.0 = Release|Any CPU
	EndGlobalSection
	GlobalSection(SolutionProperties) = preSolution
		HideSolutionNode = FALSE
	EndGlobalSection
	GlobalSection(ExtensibilityGlobals) = postSolution
		SolutionGuid = {776C0A78-FE53-46E9-8FAF-7EE0B4AE7A5D}
	EndGlobalSection
EndGlobal
