
Microsoft Visual Studio Solution File, Format Version 12.00
# Visual Studio Version 17
VisualStudioVersion = 17.8.34309.116
MinimumVisualStudioVersion = 10.0.40219.1
Project("{FAE04EC0-301F-11D3-BF4B-00C04F79EFBC}") = "EnumDemo", "EnumDemo\EnumDemo.csproj", "{8F198010-A5C9-463D-ABC7-8A2AE50449C7}"
EndProject
Project("{FAE04EC0-301F-11D3-BF4B-00C04F79EFBC}") = "EnumExplained", "EnumExplained\EnumExplained.csproj", "{C4AFD7ED-3FC6-4D6A-9938-8317F5878401}"
EndProject
Project("{FAE04EC0-301F-11D3-BF4B-00C04F79EFBC}") = "EnumWeather", "EnumWeather\EnumWeather.csproj", "{D2C84D9D-A9BC-4E81-B8EB-E1C6531372E8}"
EndProject
Global
	GlobalSection(SolutionConfigurationPlatforms) = preSolution
		Debug|Any CPU = Debug|Any CPU
		Release|Any CPU = Release|Any CPU
	EndGlobalSection
	GlobalSection(ProjectConfigurationPlatforms) = postSolution
		{8F198010-A5C9-463D-ABC7-8A2AE50449C7}.Debug|Any CPU.ActiveCfg = Debug|Any CPU
		{8F198010-A5C9-463D-ABC7-8A2AE50449C7}.Debug|Any CPU.Build.0 = Debug|Any CPU
		{8F198010-A5C9-463D-ABC7-8A2AE50449C7}.Release|Any CPU.ActiveCfg = Release|Any CPU
		{8F198010-A5C9-463D-ABC7-8A2AE50449C7}.Release|Any CPU.Build.0 = Release|Any CPU
		{C4AFD7ED-3FC6-4D6A-9938-8317F5878401}.Debug|Any CPU.ActiveCfg = Debug|Any CPU
		{C4AFD7ED-3FC6-4D6A-9938-8317F5878401}.Debug|Any CPU.Build.0 = Debug|Any CPU
		{C4AFD7ED-3FC6-4D6A-9938-8317F5878401}.Release|Any CPU.ActiveCfg = Release|Any CPU
		{C4AFD7ED-3FC6-4D6A-9938-8317F5878401}.Release|Any CPU.Build.0 = Release|Any CPU
		{D2C84D9D-A9BC-4E81-B8EB-E1C6531372E8}.Debug|Any CPU.ActiveCfg = Debug|Any CPU
		{D2C84D9D-A9BC-4E81-B8EB-E1C6531372E8}.Debug|Any CPU.Build.0 = Debug|Any CPU
		{D2C84D9D-A9BC-4E81-B8EB-E1C6531372E8}.Release|Any CPU.ActiveCfg = Release|Any CPU
		{D2C84D9D-A9BC-4E81-B8EB-E1C6531372E8}.Release|Any CPU.Build.0 = Release|Any CPU
	EndGlobalSection
	GlobalSection(SolutionProperties) = preSolution
		HideSolutionNode = FALSE
	EndGlobalSection
	GlobalSection(ExtensibilityGlobals) = postSolution
		SolutionGuid = {B345AC9A-FC91-4FFC-A2FF-570C8C36776F}
	EndGlobalSection
EndGlobal
