
Microsoft Visual Studio Solution File, Format Version 12.00
# Visual Studio Version 17
VisualStudioVersion = 17.9.34714.143
MinimumVisualStudioVersion = 10.0.40219.1
Project("{FAE04EC0-301F-11D3-BF4B-00C04F79EFBC}") = "RelationModelMVC", "RelationModelMVC\RelationModelMVC.csproj", "{3E1146CC-704F-41A4-B152-8F914ADD299F}"
EndProject
Global
	GlobalSection(SolutionConfigurationPlatforms) = preSolution
		Debug|Any CPU = Debug|Any CPU
		Release|Any CPU = Release|Any CPU
	EndGlobalSection
	GlobalSection(ProjectConfigurationPlatforms) = postSolution
		{3E1146CC-704F-41A4-B152-8F914ADD299F}.Debug|Any CPU.ActiveCfg = Debug|Any CPU
		{3E1146CC-704F-41A4-B152-8F914ADD299F}.Debug|Any CPU.Build.0 = Debug|Any CPU
		{3E1146CC-704F-41A4-B152-8F914ADD299F}.Release|Any CPU.ActiveCfg = Release|Any CPU
		{3E1146CC-704F-41A4-B152-8F914ADD299F}.Release|Any CPU.Build.0 = Release|Any CPU
	EndGlobalSection
	GlobalSection(SolutionProperties) = preSolution
		HideSolutionNode = FALSE
	EndGlobalSection
	GlobalSection(ExtensibilityGlobals) = postSolution
		SolutionGuid = {62A403FB-AD35-42D6-99A9-750ABEAEC64A}
	EndGlobalSection
EndGlobal
