
Microsoft Visual Studio Solution File, Format Version 12.00
# Visual Studio Version 17
VisualStudioVersion = 17.9.34714.143
MinimumVisualStudioVersion = 10.0.40219.1
Project("{FAE04EC0-301F-11D3-BF4B-00C04F79EFBC}") = "MVCProjectPelelangan", "MVCProjectPelelangan\MVCProjectPelelangan.csproj", "{821E7218-5943-4A1C-95E6-59DB04FC7912}"
EndProject
Global
	GlobalSection(SolutionConfigurationPlatforms) = preSolution
		Debug|Any CPU = Debug|Any CPU
		Release|Any CPU = Release|Any CPU
	EndGlobalSection
	GlobalSection(ProjectConfigurationPlatforms) = postSolution
		{821E7218-5943-4A1C-95E6-59DB04FC7912}.Debug|Any CPU.ActiveCfg = Debug|Any CPU
		{821E7218-5943-4A1C-95E6-59DB04FC7912}.Debug|Any CPU.Build.0 = Debug|Any CPU
		{821E7218-5943-4A1C-95E6-59DB04FC7912}.Release|Any CPU.ActiveCfg = Release|Any CPU
		{821E7218-5943-4A1C-95E6-59DB04FC7912}.Release|Any CPU.Build.0 = Release|Any CPU
	EndGlobalSection
	GlobalSection(SolutionProperties) = preSolution
		HideSolutionNode = FALSE
	EndGlobalSection
	GlobalSection(ExtensibilityGlobals) = postSolution
		SolutionGuid = {E623CDA0-85E9-4485-95C3-CB7122B94002}
	EndGlobalSection
EndGlobal
