
Microsoft Visual Studio Solution File, Format Version 12.00
# Visual Studio Version 17
VisualStudioVersion = 17.7.34031.279
MinimumVisualStudioVersion = 10.0.40219.1
Project("{FAE04EC0-301F-11D3-BF4B-00C04F79EFBC}") = "MethdoOverload", "MethdoOverload\MethdoOverload.csproj", "{99EA1038-450F-4ED1-8C0F-A9EBA30C6CF2}"
EndProject
Global
	GlobalSection(SolutionConfigurationPlatforms) = preSolution
		Debug|Any CPU = Debug|Any CPU
		Release|Any CPU = Release|Any CPU
	EndGlobalSection
	GlobalSection(ProjectConfigurationPlatforms) = postSolution
		{99EA1038-450F-4ED1-8C0F-A9EBA30C6CF2}.Debug|Any CPU.ActiveCfg = Debug|Any CPU
		{99EA1038-450F-4ED1-8C0F-A9EBA30C6CF2}.Debug|Any CPU.Build.0 = Debug|Any CPU
		{99EA1038-450F-4ED1-8C0F-A9EBA30C6CF2}.Release|Any CPU.ActiveCfg = Release|Any CPU
		{99EA1038-450F-4ED1-8C0F-A9EBA30C6CF2}.Release|Any CPU.Build.0 = Release|Any CPU
	EndGlobalSection
	GlobalSection(SolutionProperties) = preSolution
		HideSolutionNode = FALSE
	EndGlobalSection
	GlobalSection(ExtensibilityGlobals) = postSolution
		SolutionGuid = {3DB81F82-A4B3-41E1-BE46-7B1559D9941A}
	EndGlobalSection
EndGlobal
