
Microsoft Visual Studio Solution File, Format Version 12.00
# Visual Studio Version 17
VisualStudioVersion = 17.8.34330.188
MinimumVisualStudioVersion = 10.0.40219.1
Project("{FAE04EC0-301F-11D3-BF4B-00C04F79EFBC}") = "LibrarryException", "LibrarryException\LibrarryException.csproj", "{7B491DAC-6460-4C32-9501-41290681C27B}"
EndProject
Global
	GlobalSection(SolutionConfigurationPlatforms) = preSolution
		Debug|Any CPU = Debug|Any CPU
		Release|Any CPU = Release|Any CPU
	EndGlobalSection
	GlobalSection(ProjectConfigurationPlatforms) = postSolution
		{7B491DAC-6460-4C32-9501-41290681C27B}.Debug|Any CPU.ActiveCfg = Debug|Any CPU
		{7B491DAC-6460-4C32-9501-41290681C27B}.Debug|Any CPU.Build.0 = Debug|Any CPU
		{7B491DAC-6460-4C32-9501-41290681C27B}.Release|Any CPU.ActiveCfg = Release|Any CPU
		{7B491DAC-6460-4C32-9501-41290681C27B}.Release|Any CPU.Build.0 = Release|Any CPU
	EndGlobalSection
	GlobalSection(SolutionProperties) = preSolution
		HideSolutionNode = FALSE
	EndGlobalSection
	GlobalSection(ExtensibilityGlobals) = postSolution
		SolutionGuid = {2CEB75CD-99F3-48E5-9EF5-73BFC4C8D241}
	EndGlobalSection
EndGlobal
