
Microsoft Visual Studio Solution File, Format Version 12.00
# Visual Studio Version 17
VisualStudioVersion = 17.8.34309.116
MinimumVisualStudioVersion = 10.0.40219.1
Project("{FAE04EC0-301F-11D3-BF4B-00C04F79EFBC}") = "Uitleg", "Uitleg\Uitleg.csproj", "{44456789-412A-4708-9E46-FE217CCFA629}"
EndProject
Project("{FAE04EC0-301F-11D3-BF4B-00C04F79EFBC}") = "IEnumerableDemo", "IEnumerableDemo\IEnumerableDemo.csproj", "{710BEE51-46EF-4397-8ECD-134F0CCBA01F}"
EndProject
Project("{FAE04EC0-301F-11D3-BF4B-00C04F79EFBC}") = "IComparableDemo", "IComparableDemo\IComparableDemo.csproj", "{9FB3BE15-026F-4FF2-B024-F2F4B5CD96A6}"
EndProject
Project("{FAE04EC0-301F-11D3-BF4B-00C04F79EFBC}") = "SortMetProperties", "SortMetProperties\SortMetProperties.csproj", "{E5C419FB-58FE-43B8-A11D-683BCE05523A}"
EndProject
Global
	GlobalSection(SolutionConfigurationPlatforms) = preSolution
		Debug|Any CPU = Debug|Any CPU
		Release|Any CPU = Release|Any CPU
	EndGlobalSection
	GlobalSection(ProjectConfigurationPlatforms) = postSolution
		{44456789-412A-4708-9E46-FE217CCFA629}.Debug|Any CPU.ActiveCfg = Debug|Any CPU
		{44456789-412A-4708-9E46-FE217CCFA629}.Debug|Any CPU.Build.0 = Debug|Any CPU
		{44456789-412A-4708-9E46-FE217CCFA629}.Release|Any CPU.ActiveCfg = Release|Any CPU
		{44456789-412A-4708-9E46-FE217CCFA629}.Release|Any CPU.Build.0 = Release|Any CPU
		{710BEE51-46EF-4397-8ECD-134F0CCBA01F}.Debug|Any CPU.ActiveCfg = Debug|Any CPU
		{710BEE51-46EF-4397-8ECD-134F0CCBA01F}.Debug|Any CPU.Build.0 = Debug|Any CPU
		{710BEE51-46EF-4397-8ECD-134F0CCBA01F}.Release|Any CPU.ActiveCfg = Release|Any CPU
		{710BEE51-46EF-4397-8ECD-134F0CCBA01F}.Release|Any CPU.Build.0 = Release|Any CPU
		{9FB3BE15-026F-4FF2-B024-F2F4B5CD96A6}.Debug|Any CPU.ActiveCfg = Debug|Any CPU
		{9FB3BE15-026F-4FF2-B024-F2F4B5CD96A6}.Debug|Any CPU.Build.0 = Debug|Any CPU
		{9FB3BE15-026F-4FF2-B024-F2F4B5CD96A6}.Release|Any CPU.ActiveCfg = Release|Any CPU
		{9FB3BE15-026F-4FF2-B024-F2F4B5CD96A6}.Release|Any CPU.Build.0 = Release|Any CPU
		{E5C419FB-58FE-43B8-A11D-683BCE05523A}.Debug|Any CPU.ActiveCfg = Debug|Any CPU
		{E5C419FB-58FE-43B8-A11D-683BCE05523A}.Debug|Any CPU.Build.0 = Debug|Any CPU
		{E5C419FB-58FE-43B8-A11D-683BCE05523A}.Release|Any CPU.ActiveCfg = Release|Any CPU
		{E5C419FB-58FE-43B8-A11D-683BCE05523A}.Release|Any CPU.Build.0 = Release|Any CPU
	EndGlobalSection
	GlobalSection(SolutionProperties) = preSolution
		HideSolutionNode = FALSE
	EndGlobalSection
	GlobalSection(ExtensibilityGlobals) = postSolution
		SolutionGuid = {054D2FC5-06CE-46DC-8AEB-00F797E1C2CB}
	EndGlobalSection
EndGlobal
