
Microsoft Visual Studio Solution File, Format Version 12.00
# Visual Studio Version 17
VisualStudioVersion = 17.8.34309.116
MinimumVisualStudioVersion = 10.0.40219.1
Project("{FAE04EC0-301F-11D3-BF4B-00C04F79EFBC}") = "ConsoleUi", "ConsoleUi\ConsoleUi.csproj", "{7CE02431-F250-41CF-871E-7E8DC178B1FF}"
EndProject
Project("{FAE04EC0-301F-11D3-BF4B-00C04F79EFBC}") = "LibCalculator", "LibCalculator\LibCalculator.csproj", "{7FC71D02-4907-452A-B6E2-E38EF99ED015}"
EndProject
Project("{FAE04EC0-301F-11D3-BF4B-00C04F79EFBC}") = "WindUi", "WindUi\WindUi.csproj", "{8C2862F8-FD51-4C54-9970-9ADE48FBCD71}"
EndProject
Global
	GlobalSection(SolutionConfigurationPlatforms) = preSolution
		Debug|Any CPU = Debug|Any CPU
		Release|Any CPU = Release|Any CPU
	EndGlobalSection
	GlobalSection(ProjectConfigurationPlatforms) = postSolution
		{7CE02431-F250-41CF-871E-7E8DC178B1FF}.Debug|Any CPU.ActiveCfg = Debug|Any CPU
		{7CE02431-F250-41CF-871E-7E8DC178B1FF}.Debug|Any CPU.Build.0 = Debug|Any CPU
		{7CE02431-F250-41CF-871E-7E8DC178B1FF}.Release|Any CPU.ActiveCfg = Release|Any CPU
		{7CE02431-F250-41CF-871E-7E8DC178B1FF}.Release|Any CPU.Build.0 = Release|Any CPU
		{7FC71D02-4907-452A-B6E2-E38EF99ED015}.Debug|Any CPU.ActiveCfg = Debug|Any CPU
		{7FC71D02-4907-452A-B6E2-E38EF99ED015}.Debug|Any CPU.Build.0 = Debug|Any CPU
		{7FC71D02-4907-452A-B6E2-E38EF99ED015}.Release|Any CPU.ActiveCfg = Release|Any CPU
		{7FC71D02-4907-452A-B6E2-E38EF99ED015}.Release|Any CPU.Build.0 = Release|Any CPU
		{8C2862F8-FD51-4C54-9970-9ADE48FBCD71}.Debug|Any CPU.ActiveCfg = Debug|Any CPU
		{8C2862F8-FD51-4C54-9970-9ADE48FBCD71}.Debug|Any CPU.Build.0 = Debug|Any CPU
		{8C2862F8-FD51-4C54-9970-9ADE48FBCD71}.Release|Any CPU.ActiveCfg = Release|Any CPU
		{8C2862F8-FD51-4C54-9970-9ADE48FBCD71}.Release|Any CPU.Build.0 = Release|Any CPU
	EndGlobalSection
	GlobalSection(SolutionProperties) = preSolution
		HideSolutionNode = FALSE
	EndGlobalSection
	GlobalSection(ExtensibilityGlobals) = postSolution
		SolutionGuid = {967E86A1-F0E3-4E70-B5A6-F510961617AC}
	EndGlobalSection
EndGlobal
