
Microsoft Visual Studio Solution File, Format Version 12.00
# Visual Studio Version 17
VisualStudioVersion = 17.8.34330.188
MinimumVisualStudioVersion = 10.0.40219.1
Project("{FAE04EC0-301F-11D3-BF4B-00C04F79EFBC}") = "WindDelegate", "WindDelegate\WindDelegate.csproj", "{1B405313-F66F-4C02-8B4B-5476D19F566E}"
EndProject
Global
	GlobalSection(SolutionConfigurationPlatforms) = preSolution
		Debug|Any CPU = Debug|Any CPU
		Release|Any CPU = Release|Any CPU
	EndGlobalSection
	GlobalSection(ProjectConfigurationPlatforms) = postSolution
		{1B405313-F66F-4C02-8B4B-5476D19F566E}.Debug|Any CPU.ActiveCfg = Debug|Any CPU
		{1B405313-F66F-4C02-8B4B-5476D19F566E}.Debug|Any CPU.Build.0 = Debug|Any CPU
		{1B405313-F66F-4C02-8B4B-5476D19F566E}.Release|Any CPU.ActiveCfg = Release|Any CPU
		{1B405313-F66F-4C02-8B4B-5476D19F566E}.Release|Any CPU.Build.0 = Release|Any CPU
	EndGlobalSection
	GlobalSection(SolutionProperties) = preSolution
		HideSolutionNode = FALSE
	EndGlobalSection
	GlobalSection(ExtensibilityGlobals) = postSolution
		SolutionGuid = {B68B65EC-BDF6-4460-BAF6-2E209EAFE85F}
	EndGlobalSection
EndGlobal
