
Microsoft Visual Studio Solution File, Format Version 12.00
# Visual Studio Version 17
VisualStudioVersion = 17.8.34330.188
MinimumVisualStudioVersion = 10.0.40219.1
Project("{FAE04EC0-301F-11D3-BF4B-00C04F79EFBC}") = "EventHandlersDemo", "EventHandlersDemo\EventHandlersDemo.csproj", "{99993C1B-930A-4A26-B241-A799A8325148}"
EndProject
Project("{FAE04EC0-301F-11D3-BF4B-00C04F79EFBC}") = "WinUI", "WinUI\WinUI.csproj", "{FC88BD7C-B849-4A6B-810D-DF7DF31CD129}"
EndProject
Global
	GlobalSection(SolutionConfigurationPlatforms) = preSolution
		Debug|Any CPU = Debug|Any CPU
		Release|Any CPU = Release|Any CPU
	EndGlobalSection
	GlobalSection(ProjectConfigurationPlatforms) = postSolution
		{99993C1B-930A-4A26-B241-A799A8325148}.Debug|Any CPU.ActiveCfg = Debug|Any CPU
		{99993C1B-930A-4A26-B241-A799A8325148}.Debug|Any CPU.Build.0 = Debug|Any CPU
		{99993C1B-930A-4A26-B241-A799A8325148}.Release|Any CPU.ActiveCfg = Release|Any CPU
		{99993C1B-930A-4A26-B241-A799A8325148}.Release|Any CPU.Build.0 = Release|Any CPU
		{FC88BD7C-B849-4A6B-810D-DF7DF31CD129}.Debug|Any CPU.ActiveCfg = Debug|Any CPU
		{FC88BD7C-B849-4A6B-810D-DF7DF31CD129}.Debug|Any CPU.Build.0 = Debug|Any CPU
		{FC88BD7C-B849-4A6B-810D-DF7DF31CD129}.Release|Any CPU.ActiveCfg = Release|Any CPU
		{FC88BD7C-B849-4A6B-810D-DF7DF31CD129}.Release|Any CPU.Build.0 = Release|Any CPU
	EndGlobalSection
	GlobalSection(SolutionProperties) = preSolution
		HideSolutionNode = FALSE
	EndGlobalSection
	GlobalSection(ExtensibilityGlobals) = postSolution
		SolutionGuid = {8E43E911-C60E-4E74-81EC-27C59D74DBC7}
	EndGlobalSection
EndGlobal
