
Microsoft Visual Studio Solution File, Format Version 12.00
# Visual Studio Version 17
VisualStudioVersion = 17.8.34330.188
MinimumVisualStudioVersion = 10.0.40219.1
Project("{FAE04EC0-301F-11D3-BF4B-00C04F79EFBC}") = "RiK_Kort_List", "RiK_Kort_List\RiK_Kort_List.csproj", "{92CFF715-A1FA-401E-B1B7-CB931E0642F4}"
EndProject
Global
	GlobalSection(SolutionConfigurationPlatforms) = preSolution
		Debug|Any CPU = Debug|Any CPU
		Release|Any CPU = Release|Any CPU
	EndGlobalSection
	GlobalSection(ProjectConfigurationPlatforms) = postSolution
		{92CFF715-A1FA-401E-B1B7-CB931E0642F4}.Debug|Any CPU.ActiveCfg = Debug|Any CPU
		{92CFF715-A1FA-401E-B1B7-CB931E0642F4}.Debug|Any CPU.Build.0 = Debug|Any CPU
		{92CFF715-A1FA-401E-B1B7-CB931E0642F4}.Release|Any CPU.ActiveCfg = Release|Any CPU
		{92CFF715-A1FA-401E-B1B7-CB931E0642F4}.Release|Any CPU.Build.0 = Release|Any CPU
	EndGlobalSection
	GlobalSection(SolutionProperties) = preSolution
		HideSolutionNode = FALSE
	EndGlobalSection
	GlobalSection(ExtensibilityGlobals) = postSolution
		SolutionGuid = {E0CA310D-E1F7-428F-AF90-CDD700E455E3}
	EndGlobalSection
EndGlobal
