
Microsoft Visual Studio Solution File, Format Version 12.00
# Visual Studio Version 17
VisualStudioVersion = 17.8.34330.188
MinimumVisualStudioVersion = 10.0.40219.1
Project("{FAE04EC0-301F-11D3-BF4B-00C04F79EFBC}") = "ReturnValue", "ReturnValue\ReturnValue.csproj", "{B2C61B07-1DA0-40F9-8D44-D9A8FFA6198F}"
EndProject
Global
	GlobalSection(SolutionConfigurationPlatforms) = preSolution
		Debug|Any CPU = Debug|Any CPU
		Release|Any CPU = Release|Any CPU
	EndGlobalSection
	GlobalSection(ProjectConfigurationPlatforms) = postSolution
		{B2C61B07-1DA0-40F9-8D44-D9A8FFA6198F}.Debug|Any CPU.ActiveCfg = Debug|Any CPU
		{B2C61B07-1DA0-40F9-8D44-D9A8FFA6198F}.Debug|Any CPU.Build.0 = Debug|Any CPU
		{B2C61B07-1DA0-40F9-8D44-D9A8FFA6198F}.Release|Any CPU.ActiveCfg = Release|Any CPU
		{B2C61B07-1DA0-40F9-8D44-D9A8FFA6198F}.Release|Any CPU.Build.0 = Release|Any CPU
	EndGlobalSection
	GlobalSection(SolutionProperties) = preSolution
		HideSolutionNode = FALSE
	EndGlobalSection
	GlobalSection(ExtensibilityGlobals) = postSolution
		SolutionGuid = {4119A3E8-AB27-498A-B81C-E844C15781D7}
	EndGlobalSection
EndGlobal
