
Microsoft Visual Studio Solution File, Format Version 12.00
# Visual Studio Version 17
VisualStudioVersion = 17.8.34330.188
MinimumVisualStudioVersion = 10.0.40219.1
Project("{FAE04EC0-301F-11D3-BF4B-00C04F79EFBC}") = "AsyncAwaitWin", "AsyncAwaitWin\AsyncAwaitWin.csproj", "{FDDEB2F4-0264-4D78-8143-676E56CE4E20}"
EndProject
Global
	GlobalSection(SolutionConfigurationPlatforms) = preSolution
		Debug|Any CPU = Debug|Any CPU
		Release|Any CPU = Release|Any CPU
	EndGlobalSection
	GlobalSection(ProjectConfigurationPlatforms) = postSolution
		{FDDEB2F4-0264-4D78-8143-676E56CE4E20}.Debug|Any CPU.ActiveCfg = Debug|Any CPU
		{FDDEB2F4-0264-4D78-8143-676E56CE4E20}.Debug|Any CPU.Build.0 = Debug|Any CPU
		{FDDEB2F4-0264-4D78-8143-676E56CE4E20}.Release|Any CPU.ActiveCfg = Release|Any CPU
		{FDDEB2F4-0264-4D78-8143-676E56CE4E20}.Release|Any CPU.Build.0 = Release|Any CPU
	EndGlobalSection
	GlobalSection(SolutionProperties) = preSolution
		HideSolutionNode = FALSE
	EndGlobalSection
	GlobalSection(ExtensibilityGlobals) = postSolution
		SolutionGuid = {CB44765A-9D41-4E12-99BF-31094F856D09}
	EndGlobalSection
EndGlobal
