
Microsoft Visual Studio Solution File, Format Version 12.00
# Visual Studio Version 17
VisualStudioVersion = 17.9.34714.143
MinimumVisualStudioVersion = 10.0.40219.1
Project("{FAE04EC0-301F-11D3-BF4B-00C04F79EFBC}") = "ProductCatalog", "ProductCatalog\ProductCatalog.csproj", "{3E8342EC-4B7D-455B-A2CD-D5ACFF797367}"
EndProject
Global
	GlobalSection(SolutionConfigurationPlatforms) = preSolution
		Debug|Any CPU = Debug|Any CPU
		Release|Any CPU = Release|Any CPU
	EndGlobalSection
	GlobalSection(ProjectConfigurationPlatforms) = postSolution
		{3E8342EC-4B7D-455B-A2CD-D5ACFF797367}.Debug|Any CPU.ActiveCfg = Debug|Any CPU
		{3E8342EC-4B7D-455B-A2CD-D5ACFF797367}.Debug|Any CPU.Build.0 = Debug|Any CPU
		{3E8342EC-4B7D-455B-A2CD-D5ACFF797367}.Release|Any CPU.ActiveCfg = Release|Any CPU
		{3E8342EC-4B7D-455B-A2CD-D5ACFF797367}.Release|Any CPU.Build.0 = Release|Any CPU
	EndGlobalSection
	GlobalSection(SolutionProperties) = preSolution
		HideSolutionNode = FALSE
	EndGlobalSection
	GlobalSection(ExtensibilityGlobals) = postSolution
		SolutionGuid = {FCC9FB92-9D6B-4D8D-96B4-384E7FBA2176}
	EndGlobalSection
EndGlobal
