
Microsoft Visual Studio Solution File, Format Version 12.00
# Visual Studio Version 17
VisualStudioVersion = 17.8.34330.188
MinimumVisualStudioVersion = 10.0.40219.1
Project("{FAE04EC0-301F-11D3-BF4B-00C04F79EFBC}") = "FactoryPettern", "FactoryPettern\FactoryPettern.csproj", "{BDF85393-85B3-4983-92EA-E6D524337EB3}"
EndProject
Project("{FAE04EC0-301F-11D3-BF4B-00C04F79EFBC}") = "FactorryLibrarry", "FactorryLibrarry\FactorryLibrarry.csproj", "{A11E7BFF-14E1-4F08-9541-B9F22DBE7138}"
EndProject
Global
	GlobalSection(SolutionConfigurationPlatforms) = preSolution
		Debug|Any CPU = Debug|Any CPU
		Release|Any CPU = Release|Any CPU
	EndGlobalSection
	GlobalSection(ProjectConfigurationPlatforms) = postSolution
		{BDF85393-85B3-4983-92EA-E6D524337EB3}.Debug|Any CPU.ActiveCfg = Debug|Any CPU
		{BDF85393-85B3-4983-92EA-E6D524337EB3}.Debug|Any CPU.Build.0 = Debug|Any CPU
		{BDF85393-85B3-4983-92EA-E6D524337EB3}.Release|Any CPU.ActiveCfg = Release|Any CPU
		{BDF85393-85B3-4983-92EA-E6D524337EB3}.Release|Any CPU.Build.0 = Release|Any CPU
		{A11E7BFF-14E1-4F08-9541-B9F22DBE7138}.Debug|Any CPU.ActiveCfg = Debug|Any CPU
		{A11E7BFF-14E1-4F08-9541-B9F22DBE7138}.Debug|Any CPU.Build.0 = Debug|Any CPU
		{A11E7BFF-14E1-4F08-9541-B9F22DBE7138}.Release|Any CPU.ActiveCfg = Release|Any CPU
		{A11E7BFF-14E1-4F08-9541-B9F22DBE7138}.Release|Any CPU.Build.0 = Release|Any CPU
	EndGlobalSection
	GlobalSection(SolutionProperties) = preSolution
		HideSolutionNode = FALSE
	EndGlobalSection
	GlobalSection(ExtensibilityGlobals) = postSolution
		SolutionGuid = {95356301-F3B3-46D4-BFFA-1101A8706004}
	EndGlobalSection
EndGlobal
