
Microsoft Visual Studio Solution File, Format Version 12.00
# Visual Studio Version 17
VisualStudioVersion = 17.8.34330.188
MinimumVisualStudioVersion = 10.0.40219.1
Project("{9A19103F-16F7-4668-BE54-9A1E7A4F7556}") = "ExtentsionString", "ExtentsionString\ExtentsionString.csproj", "{A8D1DF08-4279-4A6C-9629-447C1E06974C}"
EndProject
Project("{FAE04EC0-301F-11D3-BF4B-00C04F79EFBC}") = "ExtentionLabrary", "ExtentionLabrary\ExtentionLabrary.csproj", "{40598550-85FD-4B20-A56C-AB62E4986956}"
EndProject
Global
	GlobalSection(SolutionConfigurationPlatforms) = preSolution
		Debug|Any CPU = Debug|Any CPU
		Release|Any CPU = Release|Any CPU
	EndGlobalSection
	GlobalSection(ProjectConfigurationPlatforms) = postSolution
		{A8D1DF08-4279-4A6C-9629-447C1E06974C}.Debug|Any CPU.ActiveCfg = Debug|Any CPU
		{A8D1DF08-4279-4A6C-9629-447C1E06974C}.Debug|Any CPU.Build.0 = Debug|Any CPU
		{A8D1DF08-4279-4A6C-9629-447C1E06974C}.Release|Any CPU.ActiveCfg = Release|Any CPU
		{A8D1DF08-4279-4A6C-9629-447C1E06974C}.Release|Any CPU.Build.0 = Release|Any CPU
		{40598550-85FD-4B20-A56C-AB62E4986956}.Debug|Any CPU.ActiveCfg = Debug|Any CPU
		{40598550-85FD-4B20-A56C-AB62E4986956}.Debug|Any CPU.Build.0 = Debug|Any CPU
		{40598550-85FD-4B20-A56C-AB62E4986956}.Release|Any CPU.ActiveCfg = Release|Any CPU
		{40598550-85FD-4B20-A56C-AB62E4986956}.Release|Any CPU.Build.0 = Release|Any CPU
	EndGlobalSection
	GlobalSection(SolutionProperties) = preSolution
		HideSolutionNode = FALSE
	EndGlobalSection
	GlobalSection(ExtensibilityGlobals) = postSolution
		SolutionGuid = {948777DF-81B4-4F32-B156-136624EE815E}
	EndGlobalSection
EndGlobal
