
Microsoft Visual Studio Solution File, Format Version 12.00
# Visual Studio Version 17
VisualStudioVersion = 17.8.34330.188
MinimumVisualStudioVersion = 10.0.40219.1
Project("{FAE04EC0-301F-11D3-BF4B-00C04F79EFBC}") = "CreateTreath", "CreateTreath\CreateTreath.csproj", "{C175752D-488C-4BB6-B51E-AA6336EB18CF}"
EndProject
Project("{FAE04EC0-301F-11D3-BF4B-00C04F79EFBC}") = "ATM", "ATM\ATM.csproj", "{2F2F2C93-FD47-4FC9-84E3-7EB3598BC295}"
EndProject
Global
	GlobalSection(SolutionConfigurationPlatforms) = preSolution
		Debug|Any CPU = Debug|Any CPU
		Release|Any CPU = Release|Any CPU
	EndGlobalSection
	GlobalSection(ProjectConfigurationPlatforms) = postSolution
		{C175752D-488C-4BB6-B51E-AA6336EB18CF}.Debug|Any CPU.ActiveCfg = Debug|Any CPU
		{C175752D-488C-4BB6-B51E-AA6336EB18CF}.Debug|Any CPU.Build.0 = Debug|Any CPU
		{C175752D-488C-4BB6-B51E-AA6336EB18CF}.Release|Any CPU.ActiveCfg = Release|Any CPU
		{C175752D-488C-4BB6-B51E-AA6336EB18CF}.Release|Any CPU.Build.0 = Release|Any CPU
		{2F2F2C93-FD47-4FC9-84E3-7EB3598BC295}.Debug|Any CPU.ActiveCfg = Debug|Any CPU
		{2F2F2C93-FD47-4FC9-84E3-7EB3598BC295}.Debug|Any CPU.Build.0 = Debug|Any CPU
		{2F2F2C93-FD47-4FC9-84E3-7EB3598BC295}.Release|Any CPU.ActiveCfg = Release|Any CPU
		{2F2F2C93-FD47-4FC9-84E3-7EB3598BC295}.Release|Any CPU.Build.0 = Release|Any CPU
	EndGlobalSection
	GlobalSection(SolutionProperties) = preSolution
		HideSolutionNode = FALSE
	EndGlobalSection
	GlobalSection(ExtensibilityGlobals) = postSolution
		SolutionGuid = {943D7C3A-4C90-434A-A7C0-55886E386150}
	EndGlobalSection
EndGlobal
