
Microsoft Visual Studio Solution File, Format Version 12.00
# Visual Studio Version 17
VisualStudioVersion = 17.7.34031.279
MinimumVisualStudioVersion = 10.0.40219.1
Project("{FAE04EC0-301F-11D3-BF4B-00C04F79EFBC}") = "OefenenArray1", "OefenenArray1\OefenenArray1.csproj", "{07BC71BB-FEDE-4833-AC43-3B7ED7F6AF0B}"
EndProject
Project("{FAE04EC0-301F-11D3-BF4B-00C04F79EFBC}") = "OefeningArray2", "OefeningArray2\OefeningArray2.csproj", "{C7ED5869-F9DA-46B8-99BD-E76D219C1CFF}"
EndProject
Project("{FAE04EC0-301F-11D3-BF4B-00C04F79EFBC}") = "OefeningArray3", "OefeningArray3\OefeningArray3.csproj", "{69BCB1F5-A3C7-42E0-9562-179EB9A40796}"
EndProject
Project("{FAE04EC0-301F-11D3-BF4B-00C04F79EFBC}") = "OefeningArray4", "OefeningArray4\OefeningArray4.csproj", "{DAC4C9E2-8032-456D-A782-65DEB3D1648C}"
EndProject
Project("{FAE04EC0-301F-11D3-BF4B-00C04F79EFBC}") = "OefeningArray5", "OefeningArray5\OefeningArray5.csproj", "{E515BB66-DE5D-4DBE-BAA9-6AECF8583815}"
EndProject
Project("{FAE04EC0-301F-11D3-BF4B-00C04F79EFBC}") = "ExtraArrayOefeningen1.1", "ExtraArrayOefeningen1.1\ExtraArrayOefeningen1.1.csproj", "{5961955C-6054-4093-A96C-87D9CD4232BF}"
EndProject
Global
	GlobalSection(SolutionConfigurationPlatforms) = preSolution
		Debug|Any CPU = Debug|Any CPU
		Release|Any CPU = Release|Any CPU
	EndGlobalSection
	GlobalSection(ProjectConfigurationPlatforms) = postSolution
		{07BC71BB-FEDE-4833-AC43-3B7ED7F6AF0B}.Debug|Any CPU.ActiveCfg = Debug|Any CPU
		{07BC71BB-FEDE-4833-AC43-3B7ED7F6AF0B}.Debug|Any CPU.Build.0 = Debug|Any CPU
		{07BC71BB-FEDE-4833-AC43-3B7ED7F6AF0B}.Release|Any CPU.ActiveCfg = Release|Any CPU
		{07BC71BB-FEDE-4833-AC43-3B7ED7F6AF0B}.Release|Any CPU.Build.0 = Release|Any CPU
		{C7ED5869-F9DA-46B8-99BD-E76D219C1CFF}.Debug|Any CPU.ActiveCfg = Debug|Any CPU
		{C7ED5869-F9DA-46B8-99BD-E76D219C1CFF}.Debug|Any CPU.Build.0 = Debug|Any CPU
		{C7ED5869-F9DA-46B8-99BD-E76D219C1CFF}.Release|Any CPU.ActiveCfg = Release|Any CPU
		{C7ED5869-F9DA-46B8-99BD-E76D219C1CFF}.Release|Any CPU.Build.0 = Release|Any CPU
		{69BCB1F5-A3C7-42E0-9562-179EB9A40796}.Debug|Any CPU.ActiveCfg = Debug|Any CPU
		{69BCB1F5-A3C7-42E0-9562-179EB9A40796}.Debug|Any CPU.Build.0 = Debug|Any CPU
		{69BCB1F5-A3C7-42E0-9562-179EB9A40796}.Release|Any CPU.ActiveCfg = Release|Any CPU
		{69BCB1F5-A3C7-42E0-9562-179EB9A40796}.Release|Any CPU.Build.0 = Release|Any CPU
		{DAC4C9E2-8032-456D-A782-65DEB3D1648C}.Debug|Any CPU.ActiveCfg = Debug|Any CPU
		{DAC4C9E2-8032-456D-A782-65DEB3D1648C}.Debug|Any CPU.Build.0 = Debug|Any CPU
		{DAC4C9E2-8032-456D-A782-65DEB3D1648C}.Release|Any CPU.ActiveCfg = Release|Any CPU
		{DAC4C9E2-8032-456D-A782-65DEB3D1648C}.Release|Any CPU.Build.0 = Release|Any CPU
		{E515BB66-DE5D-4DBE-BAA9-6AECF8583815}.Debug|Any CPU.ActiveCfg = Debug|Any CPU
		{E515BB66-DE5D-4DBE-BAA9-6AECF8583815}.Debug|Any CPU.Build.0 = Debug|Any CPU
		{E515BB66-DE5D-4DBE-BAA9-6AECF8583815}.Release|Any CPU.ActiveCfg = Release|Any CPU
		{E515BB66-DE5D-4DBE-BAA9-6AECF8583815}.Release|Any CPU.Build.0 = Release|Any CPU
		{5961955C-6054-4093-A96C-87D9CD4232BF}.Debug|Any CPU.ActiveCfg = Debug|Any CPU
		{5961955C-6054-4093-A96C-87D9CD4232BF}.Debug|Any CPU.Build.0 = Debug|Any CPU
		{5961955C-6054-4093-A96C-87D9CD4232BF}.Release|Any CPU.ActiveCfg = Release|Any CPU
		{5961955C-6054-4093-A96C-87D9CD4232BF}.Release|Any CPU.Build.0 = Release|Any CPU
	EndGlobalSection
	GlobalSection(SolutionProperties) = preSolution
		HideSolutionNode = FALSE
	EndGlobalSection
	GlobalSection(ExtensibilityGlobals) = postSolution
		SolutionGuid = {76673039-9867-43A4-A917-0D3624ED65C3}
	EndGlobalSection
EndGlobal
