
Microsoft Visual Studio Solution File, Format Version 12.00
# Visual Studio Version 17
VisualStudioVersion = 17.7.34031.279
MinimumVisualStudioVersion = 10.0.40219.1
Project("{FAE04EC0-301F-11D3-BF4B-00C04F79EFBC}") = "tweeDimArray", "tweeDimArray\tweeDimArray.csproj", "{657DE513-2707-4AD1-9765-08C7AD1B7A86}"
EndProject
Project("{FAE04EC0-301F-11D3-BF4B-00C04F79EFBC}") = "Oplosing", "Oplosing\Oplosing.csproj", "{D1876919-FC97-4207-BA16-6E73F09AF2BD}"
EndProject
Project("{FAE04EC0-301F-11D3-BF4B-00C04F79EFBC}") = "JackArrayDemo", "JackArrayDemo\JackArrayDemo.csproj", "{17DC44EA-0FBE-4CC3-85B1-904C45102947}"
EndProject
Global
	GlobalSection(SolutionConfigurationPlatforms) = preSolution
		Debug|Any CPU = Debug|Any CPU
		Release|Any CPU = Release|Any CPU
	EndGlobalSection
	GlobalSection(ProjectConfigurationPlatforms) = postSolution
		{657DE513-2707-4AD1-9765-08C7AD1B7A86}.Debug|Any CPU.ActiveCfg = Debug|Any CPU
		{657DE513-2707-4AD1-9765-08C7AD1B7A86}.Debug|Any CPU.Build.0 = Debug|Any CPU
		{657DE513-2707-4AD1-9765-08C7AD1B7A86}.Release|Any CPU.ActiveCfg = Release|Any CPU
		{657DE513-2707-4AD1-9765-08C7AD1B7A86}.Release|Any CPU.Build.0 = Release|Any CPU
		{D1876919-FC97-4207-BA16-6E73F09AF2BD}.Debug|Any CPU.ActiveCfg = Debug|Any CPU
		{D1876919-FC97-4207-BA16-6E73F09AF2BD}.Debug|Any CPU.Build.0 = Debug|Any CPU
		{D1876919-FC97-4207-BA16-6E73F09AF2BD}.Release|Any CPU.ActiveCfg = Release|Any CPU
		{D1876919-FC97-4207-BA16-6E73F09AF2BD}.Release|Any CPU.Build.0 = Release|Any CPU
		{17DC44EA-0FBE-4CC3-85B1-904C45102947}.Debug|Any CPU.ActiveCfg = Debug|Any CPU
		{17DC44EA-0FBE-4CC3-85B1-904C45102947}.Debug|Any CPU.Build.0 = Debug|Any CPU
		{17DC44EA-0FBE-4CC3-85B1-904C45102947}.Release|Any CPU.ActiveCfg = Release|Any CPU
		{17DC44EA-0FBE-4CC3-85B1-904C45102947}.Release|Any CPU.Build.0 = Release|Any CPU
	EndGlobalSection
	GlobalSection(SolutionProperties) = preSolution
		HideSolutionNode = FALSE
	EndGlobalSection
	GlobalSection(ExtensibilityGlobals) = postSolution
		SolutionGuid = {76F2160C-391E-4508-B9CE-D0B2F9E8B943}
	EndGlobalSection
EndGlobal
