
Microsoft Visual Studio Solution File, Format Version 12.00
# Visual Studio Version 17
VisualStudioVersion = 17.9.34714.143
MinimumVisualStudioVersion = 10.0.40219.1
Project("{FAE04EC0-301F-11D3-BF4B-00C04F79EFBC}") = "TetsemAPl", "TetsemAPl\TetsemAPl.csproj", "{5F0C9083-6AB8-43C8-B918-40F7CE4E3773}"
EndProject
Global
	GlobalSection(SolutionConfigurationPlatforms) = preSolution
		Debug|Any CPU = Debug|Any CPU
		Release|Any CPU = Release|Any CPU
	EndGlobalSection
	GlobalSection(ProjectConfigurationPlatforms) = postSolution
		{5F0C9083-6AB8-43C8-B918-40F7CE4E3773}.Debug|Any CPU.ActiveCfg = Debug|Any CPU
		{5F0C9083-6AB8-43C8-B918-40F7CE4E3773}.Debug|Any CPU.Build.0 = Debug|Any CPU
		{5F0C9083-6AB8-43C8-B918-40F7CE4E3773}.Release|Any CPU.ActiveCfg = Release|Any CPU
		{5F0C9083-6AB8-43C8-B918-40F7CE4E3773}.Release|Any CPU.Build.0 = Release|Any CPU
	EndGlobalSection
	GlobalSection(SolutionProperties) = preSolution
		HideSolutionNode = FALSE
	EndGlobalSection
	GlobalSection(ExtensibilityGlobals) = postSolution
		SolutionGuid = {9D56DF9B-404B-423D-9644-7575D0820713}
	EndGlobalSection
EndGlobal
