
Microsoft Visual Studio Solution File, Format Version 12.00
# Visual Studio Version 17
VisualStudioVersion = 17.8.34309.116
MinimumVisualStudioVersion = 10.0.40219.1
Project("{FAE04EC0-301F-11D3-BF4B-00C04F79EFBC}") = "Geboortdatums", "Geboortdatums\Geboortdatums.csproj", "{D05B4220-C284-45BF-9299-BDD6319518CE}"
EndProject
Global
	GlobalSection(SolutionConfigurationPlatforms) = preSolution
		Debug|Any CPU = Debug|Any CPU
		Release|Any CPU = Release|Any CPU
	EndGlobalSection
	GlobalSection(ProjectConfigurationPlatforms) = postSolution
		{D05B4220-C284-45BF-9299-BDD6319518CE}.Debug|Any CPU.ActiveCfg = Debug|Any CPU
		{D05B4220-C284-45BF-9299-BDD6319518CE}.Debug|Any CPU.Build.0 = Debug|Any CPU
		{D05B4220-C284-45BF-9299-BDD6319518CE}.Release|Any CPU.ActiveCfg = Release|Any CPU
		{D05B4220-C284-45BF-9299-BDD6319518CE}.Release|Any CPU.Build.0 = Release|Any CPU
	EndGlobalSection
	GlobalSection(SolutionProperties) = preSolution
		HideSolutionNode = FALSE
	EndGlobalSection
	GlobalSection(ExtensibilityGlobals) = postSolution
		SolutionGuid = {455DC3A6-4EB2-484E-9A5D-33AB2E21163E}
	EndGlobalSection
EndGlobal
