
Microsoft Visual Studio Solution File, Format Version 12.00
# Visual Studio Version 17
VisualStudioVersion = 17.8.34309.116
MinimumVisualStudioVersion = 10.0.40219.1
Project("{FAE04EC0-301F-11D3-BF4B-00C04F79EFBC}") = "ListDemo", "ListDemo\ListDemo.csproj", "{3A52B025-CBCA-4DBD-A1B7-33892A0FB62F}"
EndProject
Project("{FAE04EC0-301F-11D3-BF4B-00C04F79EFBC}") = "ListDemoCollection", "ListDemoCollection\ListDemoCollection.csproj", "{2BE5D998-931D-45B4-9FD4-2E4937EC7F5A}"
EndProject
Global
	GlobalSection(SolutionConfigurationPlatforms) = preSolution
		Debug|Any CPU = Debug|Any CPU
		Release|Any CPU = Release|Any CPU
	EndGlobalSection
	GlobalSection(ProjectConfigurationPlatforms) = postSolution
		{3A52B025-CBCA-4DBD-A1B7-33892A0FB62F}.Debug|Any CPU.ActiveCfg = Debug|Any CPU
		{3A52B025-CBCA-4DBD-A1B7-33892A0FB62F}.Debug|Any CPU.Build.0 = Debug|Any CPU
		{3A52B025-CBCA-4DBD-A1B7-33892A0FB62F}.Release|Any CPU.ActiveCfg = Release|Any CPU
		{3A52B025-CBCA-4DBD-A1B7-33892A0FB62F}.Release|Any CPU.Build.0 = Release|Any CPU
		{2BE5D998-931D-45B4-9FD4-2E4937EC7F5A}.Debug|Any CPU.ActiveCfg = Debug|Any CPU
		{2BE5D998-931D-45B4-9FD4-2E4937EC7F5A}.Debug|Any CPU.Build.0 = Debug|Any CPU
		{2BE5D998-931D-45B4-9FD4-2E4937EC7F5A}.Release|Any CPU.ActiveCfg = Release|Any CPU
		{2BE5D998-931D-45B4-9FD4-2E4937EC7F5A}.Release|Any CPU.Build.0 = Release|Any CPU
	EndGlobalSection
	GlobalSection(SolutionProperties) = preSolution
		HideSolutionNode = FALSE
	EndGlobalSection
	GlobalSection(ExtensibilityGlobals) = postSolution
		SolutionGuid = {CDD556CD-7CCC-46C4-8145-FF9043423AB8}
	EndGlobalSection
EndGlobal
