
Microsoft Visual Studio Solution File, Format Version 12.00
# Visual Studio Version 17
VisualStudioVersion = 17.8.34309.116
MinimumVisualStudioVersion = 10.0.40219.1
Project("{FAE04EC0-301F-11D3-BF4B-00C04F79EFBC}") = "DigitalMediaBiblioTheek", "DigitalMediaBiblioTheek\DigitalMediaBiblioTheek.csproj", "{F09DB381-8E73-4B6B-AD3E-2B2D4628AD91}"
EndProject
Global
	GlobalSection(SolutionConfigurationPlatforms) = preSolution
		Debug|Any CPU = Debug|Any CPU
		Release|Any CPU = Release|Any CPU
	EndGlobalSection
	GlobalSection(ProjectConfigurationPlatforms) = postSolution
		{F09DB381-8E73-4B6B-AD3E-2B2D4628AD91}.Debug|Any CPU.ActiveCfg = Debug|Any CPU
		{F09DB381-8E73-4B6B-AD3E-2B2D4628AD91}.Debug|Any CPU.Build.0 = Debug|Any CPU
		{F09DB381-8E73-4B6B-AD3E-2B2D4628AD91}.Release|Any CPU.ActiveCfg = Release|Any CPU
		{F09DB381-8E73-4B6B-AD3E-2B2D4628AD91}.Release|Any CPU.Build.0 = Release|Any CPU
	EndGlobalSection
	GlobalSection(SolutionProperties) = preSolution
		HideSolutionNode = FALSE
	EndGlobalSection
	GlobalSection(ExtensibilityGlobals) = postSolution
		SolutionGuid = {7ACFB491-6035-439B-A52C-92213FF4595B}
	EndGlobalSection
EndGlobal
