
Microsoft Visual Studio Solution File, Format Version 12.00
# Visual Studio Version 17
VisualStudioVersion = 17.7.34031.279
MinimumVisualStudioVersion = 10.0.40219.1
Project("{FAE04EC0-301F-11D3-BF4B-00C04F79EFBC}") = "HugoHerhaling", "HugoHerhaling\HugoHerhaling.csproj", "{1308C035-6245-434C-8663-C04693656197}"
EndProject
Project("{FAE04EC0-301F-11D3-BF4B-00C04F79EFBC}") = "TryParse", "TryParse\TryParse.csproj", "{089AFB78-8701-4F1E-9E8F-3BE5C4D6F38C}"
EndProject
Project("{FAE04EC0-301F-11D3-BF4B-00C04F79EFBC}") = "Pars", "Pars\Pars.csproj", "{B5995564-678A-4BB1-9E0A-07E783EEC43E}"
EndProject
Project("{FAE04EC0-301F-11D3-BF4B-00C04F79EFBC}") = "ContinueDemo", "ContinueDemo\ContinueDemo.csproj", "{0C70C081-AF03-430E-B76F-BD4602353FF8}"
EndProject
Project("{FAE04EC0-301F-11D3-BF4B-00C04F79EFBC}") = "OnEven", "OnEven\OnEven.csproj", "{B1D0E329-E8AB-47B9-BADF-B730E1596571}"
EndProject
Global
	GlobalSection(SolutionConfigurationPlatforms) = preSolution
		Debug|Any CPU = Debug|Any CPU
		Release|Any CPU = Release|Any CPU
	EndGlobalSection
	GlobalSection(ProjectConfigurationPlatforms) = postSolution
		{1308C035-6245-434C-8663-C04693656197}.Debug|Any CPU.ActiveCfg = Debug|Any CPU
		{1308C035-6245-434C-8663-C04693656197}.Debug|Any CPU.Build.0 = Debug|Any CPU
		{1308C035-6245-434C-8663-C04693656197}.Release|Any CPU.ActiveCfg = Release|Any CPU
		{1308C035-6245-434C-8663-C04693656197}.Release|Any CPU.Build.0 = Release|Any CPU
		{089AFB78-8701-4F1E-9E8F-3BE5C4D6F38C}.Debug|Any CPU.ActiveCfg = Debug|Any CPU
		{089AFB78-8701-4F1E-9E8F-3BE5C4D6F38C}.Debug|Any CPU.Build.0 = Debug|Any CPU
		{089AFB78-8701-4F1E-9E8F-3BE5C4D6F38C}.Release|Any CPU.ActiveCfg = Release|Any CPU
		{089AFB78-8701-4F1E-9E8F-3BE5C4D6F38C}.Release|Any CPU.Build.0 = Release|Any CPU
		{B5995564-678A-4BB1-9E0A-07E783EEC43E}.Debug|Any CPU.ActiveCfg = Debug|Any CPU
		{B5995564-678A-4BB1-9E0A-07E783EEC43E}.Debug|Any CPU.Build.0 = Debug|Any CPU
		{B5995564-678A-4BB1-9E0A-07E783EEC43E}.Release|Any CPU.ActiveCfg = Release|Any CPU
		{B5995564-678A-4BB1-9E0A-07E783EEC43E}.Release|Any CPU.Build.0 = Release|Any CPU
		{0C70C081-AF03-430E-B76F-BD4602353FF8}.Debug|Any CPU.ActiveCfg = Debug|Any CPU
		{0C70C081-AF03-430E-B76F-BD4602353FF8}.Debug|Any CPU.Build.0 = Debug|Any CPU
		{0C70C081-AF03-430E-B76F-BD4602353FF8}.Release|Any CPU.ActiveCfg = Release|Any CPU
		{0C70C081-AF03-430E-B76F-BD4602353FF8}.Release|Any CPU.Build.0 = Release|Any CPU
		{B1D0E329-E8AB-47B9-BADF-B730E1596571}.Debug|Any CPU.ActiveCfg = Debug|Any CPU
		{B1D0E329-E8AB-47B9-BADF-B730E1596571}.Debug|Any CPU.Build.0 = Debug|Any CPU
		{B1D0E329-E8AB-47B9-BADF-B730E1596571}.Release|Any CPU.ActiveCfg = Release|Any CPU
		{B1D0E329-E8AB-47B9-BADF-B730E1596571}.Release|Any CPU.Build.0 = Release|Any CPU
	EndGlobalSection
	GlobalSection(SolutionProperties) = preSolution
		HideSolutionNode = FALSE
	EndGlobalSection
	GlobalSection(ExtensibilityGlobals) = postSolution
		SolutionGuid = {9021E57F-48C5-4EA7-9A47-77FCF329AA4D}
	EndGlobalSection
EndGlobal
